
Microsoft Visual Studio Solution File, Format Version 12.00
# Visual Studio Version 16
VisualStudioVersion = 16.0.29920.165
MinimumVisualStudioVersion = 10.0.40219.1
Project("{FAE04EC0-301F-11D3-BF4B-00C04F79EFBC}") = "Filas", "Filas.csproj", "{76D73B73-B874-4FAB-AC5F-E0D67FAB8799}"
EndProject
Global
	GlobalSection(SolutionConfigurationPlatforms) = preSolution
		Debug|Any CPU = Debug|Any CPU
		Release|Any CPU = Release|Any CPU
	EndGlobalSection
	GlobalSection(ProjectConfigurationPlatforms) = postSolution
		{76D73B73-B874-4FAB-AC5F-E0D67FAB8799}.Debug|Any CPU.ActiveCfg = Debug|Any CPU
		{76D73B73-B874-4FAB-AC5F-E0D67FAB8799}.Debug|Any CPU.Build.0 = Debug|Any CPU
		{76D73B73-B874-4FAB-AC5F-E0D67FAB8799}.Release|Any CPU.ActiveCfg = Release|Any CPU
		{76D73B73-B874-4FAB-AC5F-E0D67FAB8799}.Release|Any CPU.Build.0 = Release|Any CPU
	EndGlobalSection
	GlobalSection(SolutionProperties) = preSolution
		HideSolutionNode = FALSE
	EndGlobalSection
	GlobalSection(ExtensibilityGlobals) = postSolution
		SolutionGuid = {937389C8-4D00-40C0-8E70-53D50D8547E2}
	EndGlobalSection
EndGlobal
