
Microsoft Visual Studio Solution File, Format Version 12.00
# Visual Studio Version 16
VisualStudioVersion = 16.0.29920.165
MinimumVisualStudioVersion = 10.0.40219.1
Project("{FAE04EC0-301F-11D3-BF4B-00C04F79EFBC}") = "WebAula 10.2", "WebAula 10.2.csproj", "{0CE0D3F6-B914-4870-83C7-1D60DD6D40D3}"
EndProject
Global
	GlobalSection(SolutionConfigurationPlatforms) = preSolution
		Debug|Any CPU = Debug|Any CPU
		Release|Any CPU = Release|Any CPU
	EndGlobalSection
	GlobalSection(ProjectConfigurationPlatforms) = postSolution
		{0CE0D3F6-B914-4870-83C7-1D60DD6D40D3}.Debug|Any CPU.ActiveCfg = Debug|Any CPU
		{0CE0D3F6-B914-4870-83C7-1D60DD6D40D3}.Debug|Any CPU.Build.0 = Debug|Any CPU
		{0CE0D3F6-B914-4870-83C7-1D60DD6D40D3}.Release|Any CPU.ActiveCfg = Release|Any CPU
		{0CE0D3F6-B914-4870-83C7-1D60DD6D40D3}.Release|Any CPU.Build.0 = Release|Any CPU
	EndGlobalSection
	GlobalSection(SolutionProperties) = preSolution
		HideSolutionNode = FALSE
	EndGlobalSection
	GlobalSection(ExtensibilityGlobals) = postSolution
		SolutionGuid = {511912B7-A13F-45CF-83E3-1AC10016E9B9}
	EndGlobalSection
EndGlobal
